
Microsoft Visual Studio Solution File, Format Version 12.00
# Visual Studio Version 17
VisualStudioVersion = 17.5.33530.505
MinimumVisualStudioVersion = 10.0.40219.1
Project("{FAE04EC0-301F-11D3-BF4B-00C04F79EFBC}") = "Builder Pattern", "Builder Pattern\Builder Pattern.csproj", "{574B8079-6F05-43A9-BB43-70541801E1AB}"
EndProject
Global
	GlobalSection(SolutionConfigurationPlatforms) = preSolution
		Debug|Any CPU = Debug|Any CPU
		Release|Any CPU = Release|Any CPU
	EndGlobalSection
	GlobalSection(ProjectConfigurationPlatforms) = postSolution
		{574B8079-6F05-43A9-BB43-70541801E1AB}.Debug|Any CPU.ActiveCfg = Debug|Any CPU
		{574B8079-6F05-43A9-BB43-70541801E1AB}.Debug|Any CPU.Build.0 = Debug|Any CPU
		{574B8079-6F05-43A9-BB43-70541801E1AB}.Release|Any CPU.ActiveCfg = Release|Any CPU
		{574B8079-6F05-43A9-BB43-70541801E1AB}.Release|Any CPU.Build.0 = Release|Any CPU
	EndGlobalSection
	GlobalSection(SolutionProperties) = preSolution
		HideSolutionNode = FALSE
	EndGlobalSection
	GlobalSection(ExtensibilityGlobals) = postSolution
		SolutionGuid = {9DE9FFCF-5527-4FEF-A3CA-0680C2270789}
	EndGlobalSection
EndGlobal
